
Microsoft Visual Studio Solution File, Format Version 12.00
# Visual Studio Version 17
VisualStudioVersion = 17.10.34902.84
MinimumVisualStudioVersion = 10.0.40219.1
Project("{FAE04EC0-301F-11D3-BF4B-00C04F79EFBC}") = "MVC_", "MVC_\MVC_.csproj", "{15FF432E-500B-432B-AB73-A30B6DB676A0}"
EndProject
Global
	GlobalSection(SolutionConfigurationPlatforms) = preSolution
		Debug|Any CPU = Debug|Any CPU
		Release|Any CPU = Release|Any CPU
	EndGlobalSection
	GlobalSection(ProjectConfigurationPlatforms) = postSolution
		{15FF432E-500B-432B-AB73-A30B6DB676A0}.Debug|Any CPU.ActiveCfg = Debug|Any CPU
		{15FF432E-500B-432B-AB73-A30B6DB676A0}.Debug|Any CPU.Build.0 = Debug|Any CPU
		{15FF432E-500B-432B-AB73-A30B6DB676A0}.Release|Any CPU.ActiveCfg = Release|Any CPU
		{15FF432E-500B-432B-AB73-A30B6DB676A0}.Release|Any CPU.Build.0 = Release|Any CPU
	EndGlobalSection
	GlobalSection(SolutionProperties) = preSolution
		HideSolutionNode = FALSE
	EndGlobalSection
	GlobalSection(ExtensibilityGlobals) = postSolution
		SolutionGuid = {008363C4-77CC-49F6-8F86-A3E4862F80F9}
	EndGlobalSection
EndGlobal
